// !$*UTF8*$!
{
	archiveVersion = 1;
	classes = {
	};
	objectVersion = 50;
	objects = {

/* Begin PBXBuildFile section */
		3672B6B9269804DF00026B89 /* WorkoutPlanSelectionView.swift in Sources */ = {isa = PBXBuildFile; fileRef = 3672B6B8269804DF00026B89 /* WorkoutPlanSelectionView.swift */; };
		3672B6BB2698452E00026B89 /* MainButton.swift in Sources */ = {isa = PBXBuildFile; fileRef = 3672B6BA2698452E00026B89 /* MainButton.swift */; };
		3672B6BD2698470A00026B89 /* Color+Extension.swift in Sources */ = {isa = PBXBuildFile; fileRef = 3672B6BC2698470A00026B89 /* Color+Extension.swift */; };
		36DA7EB626958C2900726698 /* BeastModeFitnessApp.swift in Sources */ = {isa = PBXBuildFile; fileRef = 36DA7EB526958C2900726698 /* BeastModeFitnessApp.swift */; };
		36DA7EB826958C2900726698 /* LandingPageView.swift in Sources */ = {isa = PBXBuildFile; fileRef = 36DA7EB726958C2900726698 /* LandingPageView.swift */; };
		36DA7EBA26958C2C00726698 /* Assets.xcassets in Resources */ = {isa = PBXBuildFile; fileRef = 36DA7EB926958C2C00726698 /* Assets.xcassets */; };
		36DA7EBD26958C2C00726698 /* Preview Assets.xcassets in Resources */ = {isa = PBXBuildFile; fileRef = 36DA7EBC26958C2C00726698 /* Preview Assets.xcassets */; };
/* End PBXBuildFile section */

/* Begin PBXFileReference section */
		3672B6B8269804DF00026B89 /* WorkoutPlanSelectionView.swift */ = {isa = PBXFileReference; lastKnownFileType = sourcecode.swift; path = WorkoutPlanSelectionView.swift; sourceTree = "<group>"; };
		3672B6BA2698452E00026B89 /* MainButton.swift */ = {isa = PBXFileReference; lastKnownFileType = sourcecode.swift; path = MainButton.swift; sourceTree = "<group>"; };
		3672B6BC2698470A00026B89 /* Color+Extension.swift */ = {isa = PBXFileReference; lastKnownFileType = sourcecode.swift; path = "Color+Extension.swift"; sourceTree = "<group>"; };
		36DA7EB226958C2900726698 /* BeastModeFitness.app */ = {isa = PBXFileReference; explicitFileType = wrapper.application; includeInIndex = 0; path = BeastModeFitness.app; sourceTree = BUILT_PRODUCTS_DIR; };
		36DA7EB526958C2900726698 /* BeastModeFitnessApp.swift */ = {isa = PBXFileReference; lastKnownFileType = sourcecode.swift; path = BeastModeFitnessApp.swift; sourceTree = "<group>"; };
		36DA7EB726958C2900726698 /* LandingPageView.swift */ = {isa = PBXFileReference; lastKnownFileType = sourcecode.swift; path = LandingPageView.swift; sourceTree = "<group>"; };
		36DA7EB926958C2C00726698 /* Assets.xcassets */ = {isa = PBXFileReference; lastKnownFileType = folder.assetcatalog; path = Assets.xcassets; sourceTree = "<group>"; };
		36DA7EBC26958C2C00726698 /* Preview Assets.xcassets */ = {isa = PBXFileReference; lastKnownFileType = folder.assetcatalog; path = "Preview Assets.xcassets"; sourceTree = "<group>"; };
		36DA7EBE26958C2C00726698 /* Info.plist */ = {isa = PBXFileReference; lastKnownFileType = text.plist.xml; path = Info.plist; sourceTree = "<group>"; };
/* End PBXFileReference section */

/* Begin PBXFrameworksBuildPhase section */
		36DA7EAF26958C2900726698 /* Frameworks */ = {
			isa = PBXFrameworksBuildPhase;
			buildActionMask = 2147483647;
			files = (
			);
			runOnlyForDeploymentPostprocessing = 0;
		};
/* End PBXFrameworksBuildPhase section */

/* Begin PBXGroup section */
		3672B6BE26984E5100026B89 /* Views */ = {
			isa = PBXGroup;
			children = (
				36DA7EB726958C2900726698 /* LandingPageView.swift */,
				3672B6B8269804DF00026B89 /* WorkoutPlanSelectionView.swift */,
			);
			path = Views;
			sourceTree = "<group>";
		};
		36DA7EA926958C2900726698 = {
			isa = PBXGroup;
			children = (
				36DA7EB426958C2900726698 /* BeastModeFitness */,
				36DA7EB326958C2900726698 /* Products */,
			);
			sourceTree = "<group>";
		};
		36DA7EB326958C2900726698 /* Products */ = {
			isa = PBXGroup;
			children = (
				36DA7EB226958C2900726698 /* BeastModeFitness.app */,
			);
			name = Products;
			sourceTree = "<group>";
		};
		36DA7EB426958C2900726698 /* BeastModeFitness */ = {
			isa = PBXGroup;
			children = (
				36DA7EB526958C2900726698 /* BeastModeFitnessApp.swift */,
				36DA7EB926958C2C00726698 /* Assets.xcassets */,
				36DA7EBE26958C2C00726698 /* Info.plist */,
				36DA7EBB26958C2C00726698 /* Preview Content */,
				3672B6BE26984E5100026B89 /* Views */,
				3672B6BA2698452E00026B89 /* MainButton.swift */,
				3672B6BC2698470A00026B89 /* Color+Extension.swift */,
			);
			path = BeastModeFitness;
			sourceTree = "<group>";
		};
		36DA7EBB26958C2C00726698 /* Preview Content */ = {
			isa = PBXGroup;
			children = (
				36DA7EBC26958C2C00726698 /* Preview Assets.xcassets */,
			);
			path = "Preview Content";
			sourceTree = "<group>";
		};
/* End PBXGroup section */

/* Begin PBXNativeTarget section */
		36DA7EB126958C2900726698 /* BeastModeFitness */ = {
			isa = PBXNativeTarget;
			buildConfigurationList = 36DA7EC126958C2C00726698 /* Build configuration list for PBXNativeTarget "BeastModeFitness" */;
			buildPhases = (
				36DA7EAE26958C2900726698 /* Sources */,
				36DA7EAF26958C2900726698 /* Frameworks */,
				36DA7EB026958C2900726698 /* Resources */,
			);
			buildRules = (
			);
			dependencies = (
			);
			name = BeastModeFitness;
			productName = BeastModeFitness;
			productReference = 36DA7EB226958C2900726698 /* BeastModeFitness.app */;
			productType = "com.apple.product-type.application";
		};
/* End PBXNativeTarget section */

/* Begin PBXProject section */
		36DA7EAA26958C2900726698 /* Project object */ = {
			isa = PBXProject;
			attributes = {
				LastSwiftUpdateCheck = 1250;
				LastUpgradeCheck = 1250;
				ORGANIZATIONNAME = "Sal B. Amer";
				TargetAttributes = {
					36DA7EB126958C2900726698 = {
						CreatedOnToolsVersion = 12.5;
					};
				};
			};
			buildConfigurationList = 36DA7EAD26958C2900726698 /* Build configuration list for PBXProject "BeastModeFitness" */;
			compatibilityVersion = "Xcode 9.3";
			developmentRegion = en;
			hasScannedForEncodings = 0;
			knownRegions = (
				en,
				Base,
			);
			mainGroup = 36DA7EA926958C2900726698;
			productRefGroup = 36DA7EB326958C2900726698 /* Products */;
			projectDirPath = "";
			projectRoot = "";
			targets = (
				36DA7EB126958C2900726698 /* BeastModeFitness */,
			);
		};
/* End PBXProject section */

/* Begin PBXResourcesBuildPhase section */
		36DA7EB026958C2900726698 /* Resources */ = {
			isa = PBXResourcesBuildPhase;
			buildActionMask = 2147483647;
			files = (
				36DA7EBD26958C2C00726698 /* Preview Assets.xcassets in Resources */,
				36DA7EBA26958C2C00726698 /* Assets.xcassets in Resources */,
			);
			runOnlyForDeploymentPostprocessing = 0;
		};
/* End PBXResourcesBuildPhase section */

/* Begin PBXSourcesBuildPhase section */
		36DA7EAE26958C2900726698 /* Sources */ = {
			isa = PBXSourcesBuildPhase;
			buildActionMask = 2147483647;
			files = (
				36DA7EB826958C2900726698 /* LandingPageView.swift in Sources */,
				3672B6BD2698470A00026B89 /* Color+Extension.swift in Sources */,
				3672B6B9269804DF00026B89 /* WorkoutPlanSelectionView.swift in Sources */,
				36DA7EB626958C2900726698 /* BeastModeFitnessApp.swift in Sources */,
				3672B6BB2698452E00026B89 /* MainButton.swift in Sources */,
			);
			runOnlyForDeploymentPostprocessing = 0;
		};
/* End PBXSourcesBuildPhase section */

/* Begin XCBuildConfiguration section */
		36DA7EBF26958C2C00726698 /* Debug */ = {
			isa = XCBuildConfiguration;
			buildSettings = {
				ALWAYS_SEARCH_USER_PATHS = NO;
				CLANG_ANALYZER_NONNULL = YES;
				CLANG_ANALYZER_NUMBER_OBJECT_CONVERSION = YES_AGGRESSIVE;
				CLANG_CXX_LANGUAGE_STANDARD = "gnu++14";
				CLANG_CXX_LIBRARY = "libc++";
				CLANG_ENABLE_MODULES = YES;
				CLANG_ENABLE_OBJC_ARC = YES;
				CLANG_ENABLE_OBJC_WEAK = YES;
				CLANG_WARN_BLOCK_CAPTURE_AUTORELEASING = YES;
				CLANG_WARN_BOOL_CONVERSION = YES;
				CLANG_WARN_COMMA = YES;
				CLANG_WARN_CONSTANT_CONVERSION = YES;
				CLANG_WARN_DEPRECATED_OBJC_IMPLEMENTATIONS = YES;
				CLANG_WARN_DIRECT_OBJC_ISA_USAGE = YES_ERROR;
				CLANG_WARN_DOCUMENTATION_COMMENTS = YES;
				CLANG_WARN_EMPTY_BODY = YES;
				CLANG_WARN_ENUM_CONVERSION = YES;
				CLANG_WARN_INFINITE_RECURSION = YES;
				CLANG_WARN_INT_CONVERSION = YES;
				CLANG_WARN_NON_LITERAL_NULL_CONVERSION = YES;
				CLANG_WARN_OBJC_IMPLICIT_RETAIN_SELF = YES;
				CLANG_WARN_OBJC_LITERAL_CONVERSION = YES;
				CLANG_WARN_OBJC_ROOT_CLASS = YES_ERROR;
				CLANG_WARN_QUOTED_INCLUDE_IN_FRAMEWORK_HEADER = YES;
				CLANG_WARN_RANGE_LOOP_ANALYSIS = YES;
				CLANG_WARN_STRICT_PROTOTYPES = YES;
				CLANG_WARN_SUSPICIOUS_MOVE = YES;
				CLANG_WARN_UNGUARDED_AVAILABILITY = YES_AGGRESSIVE;
				CLANG_WARN_UNREACHABLE_CODE = YES;
				CLANG_WARN__DUPLICATE_METHOD_MATCH = YES;
				COPY_PHASE_STRIP = NO;
				DEBUG_INFORMATION_FORMAT = dwarf;
				ENABLE_STRICT_OBJC_MSGSEND = YES;
				ENABLE_TESTABILITY = YES;
				GCC_C_LANGUAGE_STANDARD = gnu11;
				GCC_DYNAMIC_NO_PIC = NO;
				GCC_NO_COMMON_BLOCKS = YES;
				GCC_OPTIMIZATION_LEVEL = 0;
				GCC_PREPROCESSOR_DEFINITIONS = (
					"DEBUG=1",
					"$(inherited)",
				);
				GCC_WARN_64_TO_32_BIT_CONVERSION = YES;
				GCC_WARN_ABOUT_RETURN_TYPE = YES_ERROR;
				GCC_WARN_UNDECLARED_SELECTOR = YES;
				GCC_WARN_UNINITIALIZED_AUTOS = YES_AGGRESSIVE;
				GCC_WARN_UNUSED_FUNCTION = YES;
				GCC_WARN_UNUSED_VARIABLE = YES;
				IPHONEOS_DEPLOYMENT_TARGET = 14.5;
				MTL_ENABLE_DEBUG_INFO = INCLUDE_SOURCE;
				MTL_FAST_MATH = YES;
				ONLY_ACTIVE_ARCH = YES;
				SDKROOT = iphoneos;
				SWIFT_ACTIVE_COMPILATION_CONDITIONS = DEBUG;
				SWIFT_OPTIMIZATION_LEVEL = "-Onone";
			};
			name = Debug;
		};
		36DA7EC026958C2C00726698 /* Release */ = {
			isa = XCBuildConfiguration;
			buildSettings = {
				ALWAYS_SEARCH_USER_PATHS = NO;
				CLANG_ANALYZER_NONNULL = YES;
				CLANG_ANALYZER_NUMBER_OBJECT_CONVERSION = YES_AGGRESSIVE;
				CLANG_CXX_LANGUAGE_STANDARD = "gnu++14";
				CLANG_CXX_LIBRARY = "libc++";
				CLANG_ENABLE_MODULES = YES;
				CLANG_ENABLE_OBJC_ARC = YES;
				CLANG_ENABLE_OBJC_WEAK = YES;
				CLANG_WARN_BLOCK_CAPTURE_AUTORELEASING = YES;
				CLANG_WARN_BOOL_CONVERSION = YES;
				CLANG_WARN_COMMA = YES;
				CLANG_WARN_CONSTANT_CONVERSION = YES;
				CLANG_WARN_DEPRECATED_OBJC_IMPLEMENTATIONS = YES;
				CLANG_WARN_DIRECT_OBJC_ISA_USAGE = YES_ERROR;
				CLANG_WARN_DOCUMENTATION_COMMENTS = YES;
				CLANG_WARN_EMPTY_BODY = YES;
				CLANG_WARN_ENUM_CONVERSION = YES;
				CLANG_WARN_INFINITE_RECURSION = YES;
				CLANG_WARN_INT_CONVERSION = YES;
				CLANG_WARN_NON_LITERAL_NULL_CONVERSION = YES;
				CLANG_WARN_OBJC_IMPLICIT_RETAIN_SELF = YES;
				CLANG_WARN_OBJC_LITERAL_CONVERSION = YES;
				CLANG_WARN_OBJC_ROOT_CLASS = YES_ERROR;
				CLANG_WARN_QUOTED_INCLUDE_IN_FRAMEWORK_HEADER = YES;
				CLANG_WARN_RANGE_LOOP_ANALYSIS = YES;
				CLANG_WARN_STRICT_PROTOTYPES = YES;
				CLANG_WARN_SUSPICIOUS_MOVE = YES;
				CLANG_WARN_UNGUARDED_AVAILABILITY = YES_AGGRESSIVE;
				CLANG_WARN_UNREACHABLE_CODE = YES;
				CLANG_WARN__DUPLICATE_METHOD_MATCH = YES;
				COPY_PHASE_STRIP = NO;
				DEBUG_INFORMATION_FORMAT = "dwarf-with-dsym";
				ENABLE_NS_ASSERTIONS = NO;
				ENABLE_STRICT_OBJC_MSGSEND = YES;
				GCC_C_LANGUAGE_STANDARD = gnu11;
				GCC_NO_COMMON_BLOCKS = YES;
				GCC_WARN_64_TO_32_BIT_CONVERSION = YES;
				GCC_WARN_ABOUT_RETURN_TYPE = YES_ERROR;
				GCC_WARN_UNDECLARED_SELECTOR = YES;
				GCC_WARN_UNINITIALIZED_AUTOS = YES_AGGRESSIVE;
				GCC_WARN_UNUSED_FUNCTION = YES;
				GCC_WARN_UNUSED_VARIABLE = YES;
				IPHONEOS_DEPLOYMENT_TARGET = 14.5;
				MTL_ENABLE_DEBUG_INFO = NO;
				MTL_FAST_MATH = YES;
				SDKROOT = iphoneos;
				SWIFT_COMPILATION_MODE = wholemodule;
				SWIFT_OPTIMIZATION_LEVEL = "-O";
				VALIDATE_PRODUCT = YES;
			};
			name = Release;
		};
		36DA7EC226958C2C00726698 /* Debug */ = {
			isa = XCBuildConfiguration;
			buildSettings = {
				ASSETCATALOG_COMPILER_APPICON_NAME = AppIcon;
				ASSETCATALOG_COMPILER_GLOBAL_ACCENT_COLOR_NAME = AccentColor;
				CODE_SIGN_STYLE = Automatic;
				DEVELOPMENT_ASSET_PATHS = "\"BeastModeFitness/Preview Content\"";
				DEVELOPMENT_TEAM = MFTQY9JN35;
				ENABLE_PREVIEWS = YES;
				INFOPLIST_FILE = BeastModeFitness/Info.plist;
				IPHONEOS_DEPLOYMENT_TARGET = 14.0;
				LD_RUNPATH_SEARCH_PATHS = (
					"$(inherited)",
					"@executable_path/Frameworks",
				);
				PRODUCT_BUNDLE_IDENTIFIER = com.inceva.BeastModeFitness;
				PRODUCT_NAME = "$(TARGET_NAME)";
				SWIFT_VERSION = 5.0;
				TARGETED_DEVICE_FAMILY = "1,2";
			};
			name = Debug;
		};
		36DA7EC326958C2C00726698 /* Release */ = {
			isa = XCBuildConfiguration;
			buildSettings = {
				ASSETCATALOG_COMPILER_APPICON_NAME = AppIcon;
				ASSETCATALOG_COMPILER_GLOBAL_ACCENT_COLOR_NAME = AccentColor;
				CODE_SIGN_STYLE = Automatic;
				DEVELOPMENT_ASSET_PATHS = "\"BeastModeFitness/Preview Content\"";
				DEVELOPMENT_TEAM = MFTQY9JN35;
				ENABLE_PREVIEWS = YES;
				INFOPLIST_FILE = BeastModeFitness/Info.plist;
				IPHONEOS_DEPLOYMENT_TARGET = 14.0;
				LD_RUNPATH_SEARCH_PATHS = (
					"$(inherited)",
					"@executable_path/Frameworks",
				);
				PRODUCT_BUNDLE_IDENTIFIER = com.inceva.BeastModeFitness;
				PRODUCT_NAME = "$(TARGET_NAME)";
				SWIFT_VERSION = 5.0;
				TARGETED_DEVICE_FAMILY = "1,2";
			};
			name = Release;
		};
/* End XCBuildConfiguration section */

/* Begin XCConfigurationList section */
		36DA7EAD26958C2900726698 /* Build configuration list for PBXProject "BeastModeFitness" */ = {
			isa = XCConfigurationList;
			buildConfigurations = (
				36DA7EBF26958C2C00726698 /* Debug */,
				36DA7EC026958C2C00726698 /* Release */,
			);
			defaultConfigurationIsVisible = 0;
			defaultConfigurationName = Release;
		};
		36DA7EC126958C2C00726698 /* Build configuration list for PBXNativeTarget "BeastModeFitness" */ = {
			isa = XCConfigurationList;
			buildConfigurations = (
				36DA7EC226958C2C00726698 /* Debug */,
				36DA7EC326958C2C00726698 /* Release */,
			);
			defaultConfigurationIsVisible = 0;
			defaultConfigurationName = Release;
		};
/* End XCConfigurationList section */
	};
	rootObject = 36DA7EAA26958C2900726698 /* Project object */;
}
