// !$*UTF8*$!
{
	archiveVersion = 1;
	classes = {
	};
	objectVersion = 52;
	objects = {

/* Begin PBXBuildFile section */
		3600E45026C3F67E003402C0 /* ChallengeItemViewModel.swift in Sources */ = {isa = PBXBuildFile; fileRef = 3600E44F26C3F67E003402C0 /* ChallengeItemViewModel.swift */; };
		36294D6826B93F2D00A69060 /* TabContainerView.swift in Sources */ = {isa = PBXBuildFile; fileRef = 36294D6726B93F2D00A69060 /* TabContainerView.swift */; };
		365BBE7A26CBBC6400D3A74E /* SettingsViewModel.swift in Sources */ = {isa = PBXBuildFile; fileRef = 365BBE7926CBBC6400D3A74E /* SettingsViewModel.swift */; };
		365BBE7C26CBBC7B00D3A74E /* SettingsItemViewModel.swift in Sources */ = {isa = PBXBuildFile; fileRef = 365BBE7B26CBBC7B00D3A74E /* SettingsItemViewModel.swift */; };
		365BBE7E26CBBCAE00D3A74E /* SettingsView.swift in Sources */ = {isa = PBXBuildFile; fileRef = 365BBE7D26CBBCAE00D3A74E /* SettingsView.swift */; };
		365BBE9B26CCCFDE00D3A74E /* LoginSignupPageView.swift in Sources */ = {isa = PBXBuildFile; fileRef = 365BBE9A26CCCFDE00D3A74E /* LoginSignupPageView.swift */; };
		365BBE9D26CCD4C800D3A74E /* LandingpageViewModel.swift in Sources */ = {isa = PBXBuildFile; fileRef = 365BBE9C26CCD4C800D3A74E /* LandingpageViewModel.swift */; };
		365BBE9F26CCF6D200D3A74E /* LoginSignupViewModel.swift in Sources */ = {isa = PBXBuildFile; fileRef = 365BBE9E26CCF6D200D3A74E /* LoginSignupViewModel.swift */; };
		365BBEA226CD0C6C00D3A74E /* TextFieldCustomRoundedStyle.swift in Sources */ = {isa = PBXBuildFile; fileRef = 365BBEA126CD0C6C00D3A74E /* TextFieldCustomRoundedStyle.swift */; };
		3672B6B9269804DF00026B89 /* DropdownView.swift in Sources */ = {isa = PBXBuildFile; fileRef = 3672B6B8269804DF00026B89 /* DropdownView.swift */; };
		3672B6BB2698452E00026B89 /* MainButton.swift in Sources */ = {isa = PBXBuildFile; fileRef = 3672B6BA2698452E00026B89 /* MainButton.swift */; };
		3672B6BD2698470A00026B89 /* Color+Extension.swift in Sources */ = {isa = PBXBuildFile; fileRef = 3672B6BC2698470A00026B89 /* Color+Extension.swift */; };
		3672B6C026984E8600026B89 /* CreateWorkoutView.swift in Sources */ = {isa = PBXBuildFile; fileRef = 3672B6BF26984E8600026B89 /* CreateWorkoutView.swift */; };
		3672B6C2269850C400026B89 /* ReminderView.swift in Sources */ = {isa = PBXBuildFile; fileRef = 3672B6C1269850C400026B89 /* ReminderView.swift */; };
		3680404926B29D79007F4218 /* IncrementingErrors.swift in Sources */ = {isa = PBXBuildFile; fileRef = 3680404826B29D79007F4218 /* IncrementingErrors.swift */; };
		368F139A26B7C68A00A68ADF /* AuthPublisher.swift in Sources */ = {isa = PBXBuildFile; fileRef = 368F139926B7C68A00A68ADF /* AuthPublisher.swift */; };
		36A1B32726C00411005BA563 /* ChallengeListView.swift in Sources */ = {isa = PBXBuildFile; fileRef = 36A1B32626C00411005BA563 /* ChallengeListView.swift */; };
		36A1B32926C00426005BA563 /* ChallengeListViewModel.swift in Sources */ = {isa = PBXBuildFile; fileRef = 36A1B32826C00426005BA563 /* ChallengeListViewModel.swift */; };
		36A1B32B26C004C7005BA563 /* QuerySnapshotPublisher.swift in Sources */ = {isa = PBXBuildFile; fileRef = 36A1B32A26C004C7005BA563 /* QuerySnapshotPublisher.swift */; };
		36B9652E26986A030058A8A3 /* CreateChallengeViewModel.swift in Sources */ = {isa = PBXBuildFile; fileRef = 36B9652D26986A030058A8A3 /* CreateChallengeViewModel.swift */; };
		36B9653026986B030058A8A3 /* DropdownItemProtocol.swift in Sources */ = {isa = PBXBuildFile; fileRef = 36B9652F26986B030058A8A3 /* DropdownItemProtocol.swift */; };
		36B96541269D66BC0058A8A3 /* GoogleService-Info.plist in Resources */ = {isa = PBXBuildFile; fileRef = 36B96540269D66BC0058A8A3 /* GoogleService-Info.plist */; };
		36B96544269D67980058A8A3 /* FirebaseFirestore in Frameworks */ = {isa = PBXBuildFile; productRef = 36B96543269D67980058A8A3 /* FirebaseFirestore */; };
		36B96546269D67980058A8A3 /* FirebaseDatabase in Frameworks */ = {isa = PBXBuildFile; productRef = 36B96545269D67980058A8A3 /* FirebaseDatabase */; };
		36B96548269D67980058A8A3 /* FirebaseFirestoreSwift-Beta in Frameworks */ = {isa = PBXBuildFile; productRef = 36B96547269D67980058A8A3 /* FirebaseFirestoreSwift-Beta */; };
		36B9654A269D67980058A8A3 /* FirebaseAnalytics in Frameworks */ = {isa = PBXBuildFile; productRef = 36B96549269D67980058A8A3 /* FirebaseAnalytics */; };
		36B9654C269D67980058A8A3 /* FirebaseStorageSwift-Beta in Frameworks */ = {isa = PBXBuildFile; productRef = 36B9654B269D67980058A8A3 /* FirebaseStorageSwift-Beta */; };
		36B9654E269D67980058A8A3 /* FirebaseStorage in Frameworks */ = {isa = PBXBuildFile; productRef = 36B9654D269D67980058A8A3 /* FirebaseStorage */; };
		36B96550269D67980058A8A3 /* FirebaseCrashlytics in Frameworks */ = {isa = PBXBuildFile; productRef = 36B9654F269D67980058A8A3 /* FirebaseCrashlytics */; };
		36B96552269D67980058A8A3 /* FirebaseAuth in Frameworks */ = {isa = PBXBuildFile; productRef = 36B96551269D67980058A8A3 /* FirebaseAuth */; };
		36B96554269D67980058A8A3 /* FirebaseDatabaseSwift-Beta in Frameworks */ = {isa = PBXBuildFile; productRef = 36B96553269D67980058A8A3 /* FirebaseDatabaseSwift-Beta */; };
		36B96557269D71610058A8A3 /* UserService.swift in Sources */ = {isa = PBXBuildFile; fileRef = 36B96556269D71610058A8A3 /* UserService.swift */; };
		36DA7EB626958C2900726698 /* BeastModeFitnessApp.swift in Sources */ = {isa = PBXBuildFile; fileRef = 36DA7EB526958C2900726698 /* BeastModeFitnessApp.swift */; };
		36DA7EB826958C2900726698 /* LandingPageView.swift in Sources */ = {isa = PBXBuildFile; fileRef = 36DA7EB726958C2900726698 /* LandingPageView.swift */; };
		36DA7EBA26958C2C00726698 /* Assets.xcassets in Resources */ = {isa = PBXBuildFile; fileRef = 36DA7EB926958C2C00726698 /* Assets.xcassets */; };
		36DA7EBD26958C2C00726698 /* Preview Assets.xcassets in Resources */ = {isa = PBXBuildFile; fileRef = 36DA7EBC26958C2C00726698 /* Preview Assets.xcassets */; };
		36E5317126AD6F3A0096AE6C /* Challenge.swift in Sources */ = {isa = PBXBuildFile; fileRef = 36E5317026AD6F3A0096AE6C /* Challenge.swift */; };
		36E5317326AD70FE0096AE6C /* ChallengeService.swift in Sources */ = {isa = PBXBuildFile; fileRef = 36E5317226AD70FE0096AE6C /* ChallengeService.swift */; };
/* End PBXBuildFile section */

/* Begin PBXFileReference section */
		3600E44F26C3F67E003402C0 /* ChallengeItemViewModel.swift */ = {isa = PBXFileReference; lastKnownFileType = sourcecode.swift; path = ChallengeItemViewModel.swift; sourceTree = "<group>"; };
		36294D6726B93F2D00A69060 /* TabContainerView.swift */ = {isa = PBXFileReference; lastKnownFileType = sourcecode.swift; path = TabContainerView.swift; sourceTree = "<group>"; };
		365BBE7926CBBC6400D3A74E /* SettingsViewModel.swift */ = {isa = PBXFileReference; lastKnownFileType = sourcecode.swift; path = SettingsViewModel.swift; sourceTree = "<group>"; };
		365BBE7B26CBBC7B00D3A74E /* SettingsItemViewModel.swift */ = {isa = PBXFileReference; lastKnownFileType = sourcecode.swift; path = SettingsItemViewModel.swift; sourceTree = "<group>"; };
		365BBE7D26CBBCAE00D3A74E /* SettingsView.swift */ = {isa = PBXFileReference; lastKnownFileType = sourcecode.swift; path = SettingsView.swift; sourceTree = "<group>"; };
		365BBE9A26CCCFDE00D3A74E /* LoginSignupPageView.swift */ = {isa = PBXFileReference; lastKnownFileType = sourcecode.swift; path = LoginSignupPageView.swift; sourceTree = "<group>"; };
		365BBE9C26CCD4C800D3A74E /* LandingpageViewModel.swift */ = {isa = PBXFileReference; lastKnownFileType = sourcecode.swift; path = LandingpageViewModel.swift; sourceTree = "<group>"; };
		365BBE9E26CCF6D200D3A74E /* LoginSignupViewModel.swift */ = {isa = PBXFileReference; lastKnownFileType = sourcecode.swift; path = LoginSignupViewModel.swift; sourceTree = "<group>"; };
		365BBEA126CD0C6C00D3A74E /* TextFieldCustomRoundedStyle.swift */ = {isa = PBXFileReference; lastKnownFileType = sourcecode.swift; path = TextFieldCustomRoundedStyle.swift; sourceTree = "<group>"; };
		3672B6B8269804DF00026B89 /* DropdownView.swift */ = {isa = PBXFileReference; lastKnownFileType = sourcecode.swift; path = DropdownView.swift; sourceTree = "<group>"; };
		3672B6BA2698452E00026B89 /* MainButton.swift */ = {isa = PBXFileReference; lastKnownFileType = sourcecode.swift; path = MainButton.swift; sourceTree = "<group>"; };
		3672B6BC2698470A00026B89 /* Color+Extension.swift */ = {isa = PBXFileReference; lastKnownFileType = sourcecode.swift; path = "Color+Extension.swift"; sourceTree = "<group>"; };
		3672B6BF26984E8600026B89 /* CreateWorkoutView.swift */ = {isa = PBXFileReference; lastKnownFileType = sourcecode.swift; path = CreateWorkoutView.swift; sourceTree = "<group>"; };
		3672B6C1269850C400026B89 /* ReminderView.swift */ = {isa = PBXFileReference; lastKnownFileType = sourcecode.swift; path = ReminderView.swift; sourceTree = "<group>"; };
		3680404826B29D79007F4218 /* IncrementingErrors.swift */ = {isa = PBXFileReference; lastKnownFileType = sourcecode.swift; path = IncrementingErrors.swift; sourceTree = "<group>"; };
		368F139926B7C68A00A68ADF /* AuthPublisher.swift */ = {isa = PBXFileReference; lastKnownFileType = sourcecode.swift; path = AuthPublisher.swift; sourceTree = "<group>"; };
		36A1B32626C00411005BA563 /* ChallengeListView.swift */ = {isa = PBXFileReference; lastKnownFileType = sourcecode.swift; path = ChallengeListView.swift; sourceTree = "<group>"; };
		36A1B32826C00426005BA563 /* ChallengeListViewModel.swift */ = {isa = PBXFileReference; lastKnownFileType = sourcecode.swift; path = ChallengeListViewModel.swift; sourceTree = "<group>"; };
		36A1B32A26C004C7005BA563 /* QuerySnapshotPublisher.swift */ = {isa = PBXFileReference; lastKnownFileType = sourcecode.swift; path = QuerySnapshotPublisher.swift; sourceTree = "<group>"; };
		36B9652D26986A030058A8A3 /* CreateChallengeViewModel.swift */ = {isa = PBXFileReference; lastKnownFileType = sourcecode.swift; path = CreateChallengeViewModel.swift; sourceTree = "<group>"; };
		36B9652F26986B030058A8A3 /* DropdownItemProtocol.swift */ = {isa = PBXFileReference; lastKnownFileType = sourcecode.swift; path = DropdownItemProtocol.swift; sourceTree = "<group>"; };
		36B9653F269D5F830058A8A3 /* Config.xcconfig */ = {isa = PBXFileReference; lastKnownFileType = text.xcconfig; path = Config.xcconfig; sourceTree = "<group>"; };
		36B96540269D66BC0058A8A3 /* GoogleService-Info.plist */ = {isa = PBXFileReference; fileEncoding = 4; lastKnownFileType = text.plist.xml; path = "GoogleService-Info.plist"; sourceTree = "<group>"; };
		36B96556269D71610058A8A3 /* UserService.swift */ = {isa = PBXFileReference; lastKnownFileType = sourcecode.swift; path = UserService.swift; sourceTree = "<group>"; };
		36DA7EB226958C2900726698 /* BeastModeFitness.app */ = {isa = PBXFileReference; explicitFileType = wrapper.application; includeInIndex = 0; path = BeastModeFitness.app; sourceTree = BUILT_PRODUCTS_DIR; };
		36DA7EB526958C2900726698 /* BeastModeFitnessApp.swift */ = {isa = PBXFileReference; lastKnownFileType = sourcecode.swift; path = BeastModeFitnessApp.swift; sourceTree = "<group>"; };
		36DA7EB726958C2900726698 /* LandingPageView.swift */ = {isa = PBXFileReference; lastKnownFileType = sourcecode.swift; path = LandingPageView.swift; sourceTree = "<group>"; };
		36DA7EB926958C2C00726698 /* Assets.xcassets */ = {isa = PBXFileReference; lastKnownFileType = folder.assetcatalog; path = Assets.xcassets; sourceTree = "<group>"; };
		36DA7EBC26958C2C00726698 /* Preview Assets.xcassets */ = {isa = PBXFileReference; lastKnownFileType = folder.assetcatalog; path = "Preview Assets.xcassets"; sourceTree = "<group>"; };
		36DA7EBE26958C2C00726698 /* Info.plist */ = {isa = PBXFileReference; lastKnownFileType = text.plist.xml; path = Info.plist; sourceTree = "<group>"; };
		36E5317026AD6F3A0096AE6C /* Challenge.swift */ = {isa = PBXFileReference; lastKnownFileType = sourcecode.swift; path = Challenge.swift; sourceTree = "<group>"; };
		36E5317226AD70FE0096AE6C /* ChallengeService.swift */ = {isa = PBXFileReference; lastKnownFileType = sourcecode.swift; path = ChallengeService.swift; sourceTree = "<group>"; };
/* End PBXFileReference section */

/* Begin PBXFrameworksBuildPhase section */
		36DA7EAF26958C2900726698 /* Frameworks */ = {
			isa = PBXFrameworksBuildPhase;
			buildActionMask = 2147483647;
			files = (
				36B9654C269D67980058A8A3 /* FirebaseStorageSwift-Beta in Frameworks */,
				36B96548269D67980058A8A3 /* FirebaseFirestoreSwift-Beta in Frameworks */,
				36B96546269D67980058A8A3 /* FirebaseDatabase in Frameworks */,
				36B96550269D67980058A8A3 /* FirebaseCrashlytics in Frameworks */,
				36B9654A269D67980058A8A3 /* FirebaseAnalytics in Frameworks */,
				36B96544269D67980058A8A3 /* FirebaseFirestore in Frameworks */,
				36B96554269D67980058A8A3 /* FirebaseDatabaseSwift-Beta in Frameworks */,
				36B9654E269D67980058A8A3 /* FirebaseStorage in Frameworks */,
				36B96552269D67980058A8A3 /* FirebaseAuth in Frameworks */,
			);
			runOnlyForDeploymentPostprocessing = 0;
		};
/* End PBXFrameworksBuildPhase section */

/* Begin PBXGroup section */
		365BBEA026CD0C4700D3A74E /* Modifiers */ = {
			isa = PBXGroup;
			children = (
				3672B6BA2698452E00026B89 /* MainButton.swift */,
				365BBEA126CD0C6C00D3A74E /* TextFieldCustomRoundedStyle.swift */,
			);
			path = Modifiers;
			sourceTree = "<group>";
		};
		3672B6BE26984E5100026B89 /* Views */ = {
			isa = PBXGroup;
			children = (
				36DA7EB726958C2900726698 /* LandingPageView.swift */,
				3672B6B8269804DF00026B89 /* DropdownView.swift */,
				3672B6BF26984E8600026B89 /* CreateWorkoutView.swift */,
				3672B6C1269850C400026B89 /* ReminderView.swift */,
				36294D6726B93F2D00A69060 /* TabContainerView.swift */,
				36A1B32626C00411005BA563 /* ChallengeListView.swift */,
				365BBE7D26CBBCAE00D3A74E /* SettingsView.swift */,
				365BBE9A26CCCFDE00D3A74E /* LoginSignupPageView.swift */,
			);
			path = Views;
			sourceTree = "<group>";
		};
		368F139826B7C67100A68ADF /* Publishers */ = {
			isa = PBXGroup;
			children = (
				368F139926B7C68A00A68ADF /* AuthPublisher.swift */,
				36A1B32A26C004C7005BA563 /* QuerySnapshotPublisher.swift */,
			);
			path = Publishers;
			sourceTree = "<group>";
		};
		36B9652C269869C40058A8A3 /* ViewModels */ = {
			isa = PBXGroup;
			children = (
				36B9652D26986A030058A8A3 /* CreateChallengeViewModel.swift */,
				36B9652F26986B030058A8A3 /* DropdownItemProtocol.swift */,
				36A1B32826C00426005BA563 /* ChallengeListViewModel.swift */,
				3600E44F26C3F67E003402C0 /* ChallengeItemViewModel.swift */,
				365BBE7926CBBC6400D3A74E /* SettingsViewModel.swift */,
				365BBE7B26CBBC7B00D3A74E /* SettingsItemViewModel.swift */,
				365BBE9C26CCD4C800D3A74E /* LandingpageViewModel.swift */,
				365BBE9E26CCF6D200D3A74E /* LoginSignupViewModel.swift */,
			);
			path = ViewModels;
			sourceTree = "<group>";
		};
		36B96555269D71330058A8A3 /* NetworkServices */ = {
			isa = PBXGroup;
			children = (
				36B96556269D71610058A8A3 /* UserService.swift */,
				36E5317226AD70FE0096AE6C /* ChallengeService.swift */,
				3680404826B29D79007F4218 /* IncrementingErrors.swift */,
			);
			path = NetworkServices;
			sourceTree = "<group>";
		};
		36DA7EA926958C2900726698 = {
			isa = PBXGroup;
			children = (
				36DA7EB426958C2900726698 /* BeastModeFitness */,
				36DA7EB326958C2900726698 /* Products */,
			);
			sourceTree = "<group>";
		};
		36DA7EB326958C2900726698 /* Products */ = {
			isa = PBXGroup;
			children = (
				36DA7EB226958C2900726698 /* BeastModeFitness.app */,
			);
			name = Products;
			sourceTree = "<group>";
		};
		36DA7EB426958C2900726698 /* BeastModeFitness */ = {
			isa = PBXGroup;
			children = (
				365BBEA026CD0C4700D3A74E /* Modifiers */,
				368F139826B7C67100A68ADF /* Publishers */,
				36E5316F26AD6F2B0096AE6C /* Model */,
				36B96555269D71330058A8A3 /* NetworkServices */,
				36B9652C269869C40058A8A3 /* ViewModels */,
				36DA7EB526958C2900726698 /* BeastModeFitnessApp.swift */,
				36DA7EB926958C2C00726698 /* Assets.xcassets */,
				36DA7EBE26958C2C00726698 /* Info.plist */,
				36DA7EBB26958C2C00726698 /* Preview Content */,
				3672B6BE26984E5100026B89 /* Views */,
				3672B6BC2698470A00026B89 /* Color+Extension.swift */,
				36B96540269D66BC0058A8A3 /* GoogleService-Info.plist */,
				36B9653F269D5F830058A8A3 /* Config.xcconfig */,
			);
			path = BeastModeFitness;
			sourceTree = "<group>";
		};
		36DA7EBB26958C2C00726698 /* Preview Content */ = {
			isa = PBXGroup;
			children = (
				36DA7EBC26958C2C00726698 /* Preview Assets.xcassets */,
			);
			path = "Preview Content";
			sourceTree = "<group>";
		};
		36E5316F26AD6F2B0096AE6C /* Model */ = {
			isa = PBXGroup;
			children = (
				36E5317026AD6F3A0096AE6C /* Challenge.swift */,
			);
			path = Model;
			sourceTree = "<group>";
		};
/* End PBXGroup section */

/* Begin PBXNativeTarget section */
		36DA7EB126958C2900726698 /* BeastModeFitness */ = {
			isa = PBXNativeTarget;
			buildConfigurationList = 36DA7EC126958C2C00726698 /* Build configuration list for PBXNativeTarget "BeastModeFitness" */;
			buildPhases = (
				36DA7EAE26958C2900726698 /* Sources */,
				36DA7EAF26958C2900726698 /* Frameworks */,
				36DA7EB026958C2900726698 /* Resources */,
			);
			buildRules = (
			);
			dependencies = (
			);
			name = BeastModeFitness;
			packageProductDependencies = (
				36B96543269D67980058A8A3 /* FirebaseFirestore */,
				36B96545269D67980058A8A3 /* FirebaseDatabase */,
				36B96547269D67980058A8A3 /* FirebaseFirestoreSwift-Beta */,
				36B96549269D67980058A8A3 /* FirebaseAnalytics */,
				36B9654B269D67980058A8A3 /* FirebaseStorageSwift-Beta */,
				36B9654D269D67980058A8A3 /* FirebaseStorage */,
				36B9654F269D67980058A8A3 /* FirebaseCrashlytics */,
				36B96551269D67980058A8A3 /* FirebaseAuth */,
				36B96553269D67980058A8A3 /* FirebaseDatabaseSwift-Beta */,
			);
			productName = BeastModeFitness;
			productReference = 36DA7EB226958C2900726698 /* BeastModeFitness.app */;
			productType = "com.apple.product-type.application";
		};
/* End PBXNativeTarget section */

/* Begin PBXProject section */
		36DA7EAA26958C2900726698 /* Project object */ = {
			isa = PBXProject;
			attributes = {
				LastSwiftUpdateCheck = 1250;
				LastUpgradeCheck = 1250;
				ORGANIZATIONNAME = "Sal B. Amer";
				TargetAttributes = {
					36DA7EB126958C2900726698 = {
						CreatedOnToolsVersion = 12.5;
					};
				};
			};
			buildConfigurationList = 36DA7EAD26958C2900726698 /* Build configuration list for PBXProject "BeastModeFitness" */;
			compatibilityVersion = "Xcode 9.3";
			developmentRegion = en;
			hasScannedForEncodings = 0;
			knownRegions = (
				en,
				Base,
			);
			mainGroup = 36DA7EA926958C2900726698;
			packageReferences = (
				36B96542269D67980058A8A3 /* XCRemoteSwiftPackageReference "firebase-ios-sdk" */,
			);
			productRefGroup = 36DA7EB326958C2900726698 /* Products */;
			projectDirPath = "";
			projectRoot = "";
			targets = (
				36DA7EB126958C2900726698 /* BeastModeFitness */,
			);
		};
/* End PBXProject section */

/* Begin PBXResourcesBuildPhase section */
		36DA7EB026958C2900726698 /* Resources */ = {
			isa = PBXResourcesBuildPhase;
			buildActionMask = 2147483647;
			files = (
				36DA7EBD26958C2C00726698 /* Preview Assets.xcassets in Resources */,
				36DA7EBA26958C2C00726698 /* Assets.xcassets in Resources */,
				36B96541269D66BC0058A8A3 /* GoogleService-Info.plist in Resources */,
			);
			runOnlyForDeploymentPostprocessing = 0;
		};
/* End PBXResourcesBuildPhase section */

/* Begin PBXSourcesBuildPhase section */
		36DA7EAE26958C2900726698 /* Sources */ = {
			isa = PBXSourcesBuildPhase;
			buildActionMask = 2147483647;
			files = (
				368F139A26B7C68A00A68ADF /* AuthPublisher.swift in Sources */,
				3672B6C026984E8600026B89 /* CreateWorkoutView.swift in Sources */,
				36B9653026986B030058A8A3 /* DropdownItemProtocol.swift in Sources */,
				36DA7EB826958C2900726698 /* LandingPageView.swift in Sources */,
				36B9652E26986A030058A8A3 /* CreateChallengeViewModel.swift in Sources */,
				365BBE7C26CBBC7B00D3A74E /* SettingsItemViewModel.swift in Sources */,
				36E5317126AD6F3A0096AE6C /* Challenge.swift in Sources */,
				365BBE9F26CCF6D200D3A74E /* LoginSignupViewModel.swift in Sources */,
				3672B6BD2698470A00026B89 /* Color+Extension.swift in Sources */,
				3672B6C2269850C400026B89 /* ReminderView.swift in Sources */,
				36B96557269D71610058A8A3 /* UserService.swift in Sources */,
				36294D6826B93F2D00A69060 /* TabContainerView.swift in Sources */,
				36A1B32926C00426005BA563 /* ChallengeListViewModel.swift in Sources */,
				36A1B32B26C004C7005BA563 /* QuerySnapshotPublisher.swift in Sources */,
				3672B6B9269804DF00026B89 /* DropdownView.swift in Sources */,
				36E5317326AD70FE0096AE6C /* ChallengeService.swift in Sources */,
				3600E45026C3F67E003402C0 /* ChallengeItemViewModel.swift in Sources */,
				36A1B32726C00411005BA563 /* ChallengeListView.swift in Sources */,
				36DA7EB626958C2900726698 /* BeastModeFitnessApp.swift in Sources */,
				365BBE9B26CCCFDE00D3A74E /* LoginSignupPageView.swift in Sources */,
				365BBE9D26CCD4C800D3A74E /* LandingpageViewModel.swift in Sources */,
				3680404926B29D79007F4218 /* IncrementingErrors.swift in Sources */,
				365BBEA226CD0C6C00D3A74E /* TextFieldCustomRoundedStyle.swift in Sources */,
				3672B6BB2698452E00026B89 /* MainButton.swift in Sources */,
				365BBE7A26CBBC6400D3A74E /* SettingsViewModel.swift in Sources */,
				365BBE7E26CBBCAE00D3A74E /* SettingsView.swift in Sources */,
			);
			runOnlyForDeploymentPostprocessing = 0;
		};
/* End PBXSourcesBuildPhase section */

/* Begin XCBuildConfiguration section */
		36DA7EBF26958C2C00726698 /* Debug */ = {
			isa = XCBuildConfiguration;
			baseConfigurationReference = 36B9653F269D5F830058A8A3 /* Config.xcconfig */;
			buildSettings = {
				ALWAYS_SEARCH_USER_PATHS = NO;
				CLANG_ANALYZER_NONNULL = YES;
				CLANG_ANALYZER_NUMBER_OBJECT_CONVERSION = YES_AGGRESSIVE;
				CLANG_CXX_LANGUAGE_STANDARD = "gnu++14";
				CLANG_CXX_LIBRARY = "libc++";
				CLANG_ENABLE_MODULES = YES;
				CLANG_ENABLE_OBJC_ARC = YES;
				CLANG_ENABLE_OBJC_WEAK = YES;
				CLANG_WARN_BLOCK_CAPTURE_AUTORELEASING = YES;
				CLANG_WARN_BOOL_CONVERSION = YES;
				CLANG_WARN_COMMA = YES;
				CLANG_WARN_CONSTANT_CONVERSION = YES;
				CLANG_WARN_DEPRECATED_OBJC_IMPLEMENTATIONS = YES;
				CLANG_WARN_DIRECT_OBJC_ISA_USAGE = YES_ERROR;
				CLANG_WARN_DOCUMENTATION_COMMENTS = YES;
				CLANG_WARN_EMPTY_BODY = YES;
				CLANG_WARN_ENUM_CONVERSION = YES;
				CLANG_WARN_INFINITE_RECURSION = YES;
				CLANG_WARN_INT_CONVERSION = YES;
				CLANG_WARN_NON_LITERAL_NULL_CONVERSION = YES;
				CLANG_WARN_OBJC_IMPLICIT_RETAIN_SELF = YES;
				CLANG_WARN_OBJC_LITERAL_CONVERSION = YES;
				CLANG_WARN_OBJC_ROOT_CLASS = YES_ERROR;
				CLANG_WARN_QUOTED_INCLUDE_IN_FRAMEWORK_HEADER = YES;
				CLANG_WARN_RANGE_LOOP_ANALYSIS = YES;
				CLANG_WARN_STRICT_PROTOTYPES = YES;
				CLANG_WARN_SUSPICIOUS_MOVE = YES;
				CLANG_WARN_UNGUARDED_AVAILABILITY = YES_AGGRESSIVE;
				CLANG_WARN_UNREACHABLE_CODE = YES;
				CLANG_WARN__DUPLICATE_METHOD_MATCH = YES;
				COPY_PHASE_STRIP = NO;
				DEBUG_INFORMATION_FORMAT = dwarf;
				ENABLE_STRICT_OBJC_MSGSEND = YES;
				ENABLE_TESTABILITY = YES;
				GCC_C_LANGUAGE_STANDARD = gnu11;
				GCC_DYNAMIC_NO_PIC = NO;
				GCC_NO_COMMON_BLOCKS = YES;
				GCC_OPTIMIZATION_LEVEL = 0;
				GCC_PREPROCESSOR_DEFINITIONS = (
					"DEBUG=1",
					"$(inherited)",
				);
				GCC_WARN_64_TO_32_BIT_CONVERSION = YES;
				GCC_WARN_ABOUT_RETURN_TYPE = YES_ERROR;
				GCC_WARN_UNDECLARED_SELECTOR = YES;
				GCC_WARN_UNINITIALIZED_AUTOS = YES_AGGRESSIVE;
				GCC_WARN_UNUSED_FUNCTION = YES;
				GCC_WARN_UNUSED_VARIABLE = YES;
				IPHONEOS_DEPLOYMENT_TARGET = 14.5;
				MTL_ENABLE_DEBUG_INFO = INCLUDE_SOURCE;
				MTL_FAST_MATH = YES;
				ONLY_ACTIVE_ARCH = YES;
				SDKROOT = iphoneos;
				SWIFT_ACTIVE_COMPILATION_CONDITIONS = DEBUG;
				SWIFT_OPTIMIZATION_LEVEL = "-Onone";
			};
			name = Debug;
		};
		36DA7EC026958C2C00726698 /* Release */ = {
			isa = XCBuildConfiguration;
			baseConfigurationReference = 36B9653F269D5F830058A8A3 /* Config.xcconfig */;
			buildSettings = {
				ALWAYS_SEARCH_USER_PATHS = NO;
				CLANG_ANALYZER_NONNULL = YES;
				CLANG_ANALYZER_NUMBER_OBJECT_CONVERSION = YES_AGGRESSIVE;
				CLANG_CXX_LANGUAGE_STANDARD = "gnu++14";
				CLANG_CXX_LIBRARY = "libc++";
				CLANG_ENABLE_MODULES = YES;
				CLANG_ENABLE_OBJC_ARC = YES;
				CLANG_ENABLE_OBJC_WEAK = YES;
				CLANG_WARN_BLOCK_CAPTURE_AUTORELEASING = YES;
				CLANG_WARN_BOOL_CONVERSION = YES;
				CLANG_WARN_COMMA = YES;
				CLANG_WARN_CONSTANT_CONVERSION = YES;
				CLANG_WARN_DEPRECATED_OBJC_IMPLEMENTATIONS = YES;
				CLANG_WARN_DIRECT_OBJC_ISA_USAGE = YES_ERROR;
				CLANG_WARN_DOCUMENTATION_COMMENTS = YES;
				CLANG_WARN_EMPTY_BODY = YES;
				CLANG_WARN_ENUM_CONVERSION = YES;
				CLANG_WARN_INFINITE_RECURSION = YES;
				CLANG_WARN_INT_CONVERSION = YES;
				CLANG_WARN_NON_LITERAL_NULL_CONVERSION = YES;
				CLANG_WARN_OBJC_IMPLICIT_RETAIN_SELF = YES;
				CLANG_WARN_OBJC_LITERAL_CONVERSION = YES;
				CLANG_WARN_OBJC_ROOT_CLASS = YES_ERROR;
				CLANG_WARN_QUOTED_INCLUDE_IN_FRAMEWORK_HEADER = YES;
				CLANG_WARN_RANGE_LOOP_ANALYSIS = YES;
				CLANG_WARN_STRICT_PROTOTYPES = YES;
				CLANG_WARN_SUSPICIOUS_MOVE = YES;
				CLANG_WARN_UNGUARDED_AVAILABILITY = YES_AGGRESSIVE;
				CLANG_WARN_UNREACHABLE_CODE = YES;
				CLANG_WARN__DUPLICATE_METHOD_MATCH = YES;
				COPY_PHASE_STRIP = NO;
				DEBUG_INFORMATION_FORMAT = "dwarf-with-dsym";
				ENABLE_NS_ASSERTIONS = NO;
				ENABLE_STRICT_OBJC_MSGSEND = YES;
				GCC_C_LANGUAGE_STANDARD = gnu11;
				GCC_NO_COMMON_BLOCKS = YES;
				GCC_WARN_64_TO_32_BIT_CONVERSION = YES;
				GCC_WARN_ABOUT_RETURN_TYPE = YES_ERROR;
				GCC_WARN_UNDECLARED_SELECTOR = YES;
				GCC_WARN_UNINITIALIZED_AUTOS = YES_AGGRESSIVE;
				GCC_WARN_UNUSED_FUNCTION = YES;
				GCC_WARN_UNUSED_VARIABLE = YES;
				IPHONEOS_DEPLOYMENT_TARGET = 14.5;
				MTL_ENABLE_DEBUG_INFO = NO;
				MTL_FAST_MATH = YES;
				SDKROOT = iphoneos;
				SWIFT_COMPILATION_MODE = wholemodule;
				SWIFT_OPTIMIZATION_LEVEL = "-O";
				VALIDATE_PRODUCT = YES;
			};
			name = Release;
		};
		36DA7EC226958C2C00726698 /* Debug */ = {
			isa = XCBuildConfiguration;
			buildSettings = {
				ASSETCATALOG_COMPILER_APPICON_NAME = AppIcon;
				ASSETCATALOG_COMPILER_GLOBAL_ACCENT_COLOR_NAME = AccentColor;
				CODE_SIGN_STYLE = Automatic;
				DEVELOPMENT_ASSET_PATHS = "\"BeastModeFitness/Preview Content\"";
				DEVELOPMENT_TEAM = MFTQY9JN35;
				ENABLE_PREVIEWS = YES;
				EXCLUDED_ARCHS = arm64;
				INFOPLIST_FILE = BeastModeFitness/Info.plist;
				IPHONEOS_DEPLOYMENT_TARGET = 14.0;
				LD_RUNPATH_SEARCH_PATHS = (
					"$(inherited)",
					"@executable_path/Frameworks",
				);
				OTHER_LDFLAGS = "-ObjC";
				PRODUCT_BUNDLE_IDENTIFIER = com.inceva.BeastModeFitness;
				PRODUCT_NAME = "$(TARGET_NAME)";
				SWIFT_VERSION = 5.0;
				TARGETED_DEVICE_FAMILY = "1,2";
			};
			name = Debug;
		};
		36DA7EC326958C2C00726698 /* Release */ = {
			isa = XCBuildConfiguration;
			buildSettings = {
				ASSETCATALOG_COMPILER_APPICON_NAME = AppIcon;
				ASSETCATALOG_COMPILER_GLOBAL_ACCENT_COLOR_NAME = AccentColor;
				CODE_SIGN_STYLE = Automatic;
				DEVELOPMENT_ASSET_PATHS = "\"BeastModeFitness/Preview Content\"";
				DEVELOPMENT_TEAM = MFTQY9JN35;
				ENABLE_PREVIEWS = YES;
				INFOPLIST_FILE = BeastModeFitness/Info.plist;
				IPHONEOS_DEPLOYMENT_TARGET = 14.0;
				LD_RUNPATH_SEARCH_PATHS = (
					"$(inherited)",
					"@executable_path/Frameworks",
				);
				OTHER_LDFLAGS = "-ObjC";
				PRODUCT_BUNDLE_IDENTIFIER = com.inceva.BeastModeFitness;
				PRODUCT_NAME = "$(TARGET_NAME)";
				SWIFT_VERSION = 5.0;
				TARGETED_DEVICE_FAMILY = "1,2";
			};
			name = Release;
		};
/* End XCBuildConfiguration section */

/* Begin XCConfigurationList section */
		36DA7EAD26958C2900726698 /* Build configuration list for PBXProject "BeastModeFitness" */ = {
			isa = XCConfigurationList;
			buildConfigurations = (
				36DA7EBF26958C2C00726698 /* Debug */,
				36DA7EC026958C2C00726698 /* Release */,
			);
			defaultConfigurationIsVisible = 0;
			defaultConfigurationName = Release;
		};
		36DA7EC126958C2C00726698 /* Build configuration list for PBXNativeTarget "BeastModeFitness" */ = {
			isa = XCConfigurationList;
			buildConfigurations = (
				36DA7EC226958C2C00726698 /* Debug */,
				36DA7EC326958C2C00726698 /* Release */,
			);
			defaultConfigurationIsVisible = 0;
			defaultConfigurationName = Release;
		};
/* End XCConfigurationList section */

/* Begin XCRemoteSwiftPackageReference section */
		36B96542269D67980058A8A3 /* XCRemoteSwiftPackageReference "firebase-ios-sdk" */ = {
			isa = XCRemoteSwiftPackageReference;
			repositoryURL = "https://github.com/firebase/firebase-ios-sdk.git";
			requirement = {
				kind = upToNextMajorVersion;
				minimumVersion = 8.3.1;
			};
		};
/* End XCRemoteSwiftPackageReference section */

/* Begin XCSwiftPackageProductDependency section */
		36B96543269D67980058A8A3 /* FirebaseFirestore */ = {
			isa = XCSwiftPackageProductDependency;
			package = 36B96542269D67980058A8A3 /* XCRemoteSwiftPackageReference "firebase-ios-sdk" */;
			productName = FirebaseFirestore;
		};
		36B96545269D67980058A8A3 /* FirebaseDatabase */ = {
			isa = XCSwiftPackageProductDependency;
			package = 36B96542269D67980058A8A3 /* XCRemoteSwiftPackageReference "firebase-ios-sdk" */;
			productName = FirebaseDatabase;
		};
		36B96547269D67980058A8A3 /* FirebaseFirestoreSwift-Beta */ = {
			isa = XCSwiftPackageProductDependency;
			package = 36B96542269D67980058A8A3 /* XCRemoteSwiftPackageReference "firebase-ios-sdk" */;
			productName = "FirebaseFirestoreSwift-Beta";
		};
		36B96549269D67980058A8A3 /* FirebaseAnalytics */ = {
			isa = XCSwiftPackageProductDependency;
			package = 36B96542269D67980058A8A3 /* XCRemoteSwiftPackageReference "firebase-ios-sdk" */;
			productName = FirebaseAnalytics;
		};
		36B9654B269D67980058A8A3 /* FirebaseStorageSwift-Beta */ = {
			isa = XCSwiftPackageProductDependency;
			package = 36B96542269D67980058A8A3 /* XCRemoteSwiftPackageReference "firebase-ios-sdk" */;
			productName = "FirebaseStorageSwift-Beta";
		};
		36B9654D269D67980058A8A3 /* FirebaseStorage */ = {
			isa = XCSwiftPackageProductDependency;
			package = 36B96542269D67980058A8A3 /* XCRemoteSwiftPackageReference "firebase-ios-sdk" */;
			productName = FirebaseStorage;
		};
		36B9654F269D67980058A8A3 /* FirebaseCrashlytics */ = {
			isa = XCSwiftPackageProductDependency;
			package = 36B96542269D67980058A8A3 /* XCRemoteSwiftPackageReference "firebase-ios-sdk" */;
			productName = FirebaseCrashlytics;
		};
		36B96551269D67980058A8A3 /* FirebaseAuth */ = {
			isa = XCSwiftPackageProductDependency;
			package = 36B96542269D67980058A8A3 /* XCRemoteSwiftPackageReference "firebase-ios-sdk" */;
			productName = FirebaseAuth;
		};
		36B96553269D67980058A8A3 /* FirebaseDatabaseSwift-Beta */ = {
			isa = XCSwiftPackageProductDependency;
			package = 36B96542269D67980058A8A3 /* XCRemoteSwiftPackageReference "firebase-ios-sdk" */;
			productName = "FirebaseDatabaseSwift-Beta";
		};
/* End XCSwiftPackageProductDependency section */
	};
	rootObject = 36DA7EAA26958C2900726698 /* Project object */;
}
